Microsoft Visual Studio Solution File, Format Version 12.00
# Visual Studio Version 17
VisualStudioVersion = 17.5.2.0
MinimumVisualStudioVersion = 10.0.40219.1
Project("{FAE04EC0-301F-11D3-BF4B-00C04F79EFBC}") = "DynamicGrid.Api", "DynamicGrid.Api\DynamicGrid.Api.csproj", "{474FC1D9-C54A-33B8-38C4-71510540D8F6}"
EndProject
Global
	GlobalSection(SolutionConfigurationPlatforms) = preSolution
		Debug|Any CPU = Debug|Any CPU
		Release|Any CPU = Release|Any CPU
	EndGlobalSection
	GlobalSection(ProjectConfigurationPlatforms) = postSolution
		{474FC1D9-C54A-33B8-38C4-71510540D8F6}.Debug|Any CPU.ActiveCfg = Debug|Any CPU
		{474FC1D9-C54A-33B8-38C4-71510540D8F6}.Debug|Any CPU.Build.0 = Debug|Any CPU
		{474FC1D9-C54A-33B8-38C4-71510540D8F6}.Release|Any CPU.ActiveCfg = Release|Any CPU
		{474FC1D9-C54A-33B8-38C4-71510540D8F6}.Release|Any CPU.Build.0 = Release|Any CPU
	EndGlobalSection
	GlobalSection(SolutionProperties) = preSolution
		HideSolutionNode = FALSE
	EndGlobalSection
	GlobalSection(ExtensibilityGlobals) = postSolution
		SolutionGuid = {03AAAD56-5224-4080-83E0-34F5EAE6DF03}
	EndGlobalSection
EndGlobal
